
Microsoft Visual Studio Solution File, Format Version 12.00
# Visual Studio 14
VisualStudioVersion = 14.0.24720.0
MinimumVisualStudioVersion = 10.0.40219.1
Project("{FAE04EC0-301F-11D3-BF4B-00C04F79EFBC}") = "1_Multiples_of_3_and_5", "Multiples_of_3_and_5\1_Multiples_of_3_and_5.csproj", "{0DB5CBD5-B379-42C1-907F-4E762E521E45}"
EndProject
Project("{FAE04EC0-301F-11D3-BF4B-00C04F79EFBC}") = "2_EvenFibonacci", "2_EvenFibonacci\2_EvenFibonacci.csproj", "{8CB643C4-49F7-4AC3-A06A-38405FF9D5A1}"
EndProject
Project("{FAE04EC0-301F-11D3-BF4B-00C04F79EFBC}") = "3_LargestPrimeFactor", "3_LargestPrimeFactor\3_LargestPrimeFactor.csproj", "{098E1BB9-C1D5-4FA8-8C5A-263092A58C6D}"
EndProject
Global
	GlobalSection(SolutionConfigurationPlatforms) = preSolution
		Debug|Any CPU = Debug|Any CPU
		Release|Any CPU = Release|Any CPU
	EndGlobalSection
	GlobalSection(ProjectConfigurationPlatforms) = postSolution
		{0DB5CBD5-B379-42C1-907F-4E762E521E45}.Debug|Any CPU.ActiveCfg = Debug|Any CPU
		{0DB5CBD5-B379-42C1-907F-4E762E521E45}.Debug|Any CPU.Build.0 = Debug|Any CPU
		{0DB5CBD5-B379-42C1-907F-4E762E521E45}.Release|Any CPU.ActiveCfg = Release|Any CPU
		{0DB5CBD5-B379-42C1-907F-4E762E521E45}.Release|Any CPU.Build.0 = Release|Any CPU
		{8CB643C4-49F7-4AC3-A06A-38405FF9D5A1}.Debug|Any CPU.ActiveCfg = Debug|Any CPU
		{8CB643C4-49F7-4AC3-A06A-38405FF9D5A1}.Debug|Any CPU.Build.0 = Debug|Any CPU
		{8CB643C4-49F7-4AC3-A06A-38405FF9D5A1}.Release|Any CPU.ActiveCfg = Release|Any CPU
		{8CB643C4-49F7-4AC3-A06A-38405FF9D5A1}.Release|Any CPU.Build.0 = Release|Any CPU
		{098E1BB9-C1D5-4FA8-8C5A-263092A58C6D}.Debug|Any CPU.ActiveCfg = Debug|Any CPU
		{098E1BB9-C1D5-4FA8-8C5A-263092A58C6D}.Debug|Any CPU.Build.0 = Debug|Any CPU
		{098E1BB9-C1D5-4FA8-8C5A-263092A58C6D}.Release|Any CPU.ActiveCfg = Release|Any CPU
		{098E1BB9-C1D5-4FA8-8C5A-263092A58C6D}.Release|Any CPU.Build.0 = Release|Any CPU
	EndGlobalSection
	GlobalSection(SolutionProperties) = preSolution
		HideSolutionNode = FALSE
	EndGlobalSection
EndGlobal
